
Microsoft Visual Studio Solution File, Format Version 12.00
# Visual Studio Version 17
VisualStudioVersion = 17.4.33205.214
MinimumVisualStudioVersion = 10.0.40219.1
Project("{9A19103F-16F7-4668-BE54-9A1E7A4F7556}") = "DT191G M2 MVC", "DT191G M2 MVC\DT191G M2 MVC.csproj", "{5613BD97-4799-4159-9BAF-3465C6B1854B}"
EndProject
Global
	GlobalSection(SolutionConfigurationPlatforms) = preSolution
		Debug|Any CPU = Debug|Any CPU
		Release|Any CPU = Release|Any CPU
	EndGlobalSection
	GlobalSection(ProjectConfigurationPlatforms) = postSolution
		{5613BD97-4799-4159-9BAF-3465C6B1854B}.Debug|Any CPU.ActiveCfg = Debug|Any CPU
		{5613BD97-4799-4159-9BAF-3465C6B1854B}.Debug|Any CPU.Build.0 = Debug|Any CPU
		{5613BD97-4799-4159-9BAF-3465C6B1854B}.Release|Any CPU.ActiveCfg = Release|Any CPU
		{5613BD97-4799-4159-9BAF-3465C6B1854B}.Release|Any CPU.Build.0 = Release|Any CPU
	EndGlobalSection
	GlobalSection(SolutionProperties) = preSolution
		HideSolutionNode = FALSE
	EndGlobalSection
	GlobalSection(ExtensibilityGlobals) = postSolution
		SolutionGuid = {64A4A9CF-2A3C-451A-AE98-D5EFD7AEF92F}
	EndGlobalSection
EndGlobal
